// !$*UTF8*$!
{
	archiveVersion = 1;
	classes = {
	};
	objectVersion = 55;
	objects = {

/* Begin PBXBuildFile section */
		79CC5E5636514EF1DADCCB0E /* Pods_AOWhatsapp.framework in Frameworks */ = {isa = PBXBuildFile; fileRef = 38A6651D445DEEB57B06398B /* Pods_AOWhatsapp.framework */; };
		8E2BF19028AD2F1100B8D267 /* NetworkManager.swift in Sources */ = {isa = PBXBuildFile; fileRef = 8E2BF18F28AD2F1100B8D267 /* NetworkManager.swift */; };
		8E2BF19228AD4DD300B8D267 /* ChatDetailViewModelUseCases.swift in Sources */ = {isa = PBXBuildFile; fileRef = 8E2BF19128AD4DD300B8D267 /* ChatDetailViewModelUseCases.swift */; };
		8E3EA53528A63F4000AAB03C /* SentMessageCell.swift in Sources */ = {isa = PBXBuildFile; fileRef = 8E3EA53328A63F4000AAB03C /* SentMessageCell.swift */; };
		8E3EA53628A63F4000AAB03C /* SentMessageCell.xib in Resources */ = {isa = PBXBuildFile; fileRef = 8E3EA53428A63F4000AAB03C /* SentMessageCell.xib */; };
		8E3EA54028A6444F00AAB03C /* ChatHeaderCell.swift in Sources */ = {isa = PBXBuildFile; fileRef = 8E3EA53E28A6444F00AAB03C /* ChatHeaderCell.swift */; };
		8E3EA54128A6444F00AAB03C /* ChatHeaderCell.xib in Resources */ = {isa = PBXBuildFile; fileRef = 8E3EA53F28A6444F00AAB03C /* ChatHeaderCell.xib */; };
		8E3EA54428A6AA9900AAB03C /* ReceivedMessageCell.xib in Resources */ = {isa = PBXBuildFile; fileRef = 8E3EA54228A6AA9800AAB03C /* ReceivedMessageCell.xib */; };
		8E3EA54528A6AA9900AAB03C /* ReceivedMessageCell.swift in Sources */ = {isa = PBXBuildFile; fileRef = 8E3EA54328A6AA9800AAB03C /* ReceivedMessageCell.swift */; };
		8E7A380F28A552EA005B0C72 /* Date+Extensions.swift in Sources */ = {isa = PBXBuildFile; fileRef = 8E7A380E28A552EA005B0C72 /* Date+Extensions.swift */; };
		8E7A381128A56589005B0C72 /* ChatDetailViewController.swift in Sources */ = {isa = PBXBuildFile; fileRef = 8E7A381028A56589005B0C72 /* ChatDetailViewController.swift */; };
		8E7A381328A568DB005B0C72 /* ChatDetailViewModel.swift in Sources */ = {isa = PBXBuildFile; fileRef = 8E7A381228A568DB005B0C72 /* ChatDetailViewModel.swift */; };
		8E7A381528A5690E005B0C72 /* ChatDetailAdapter.swift in Sources */ = {isa = PBXBuildFile; fileRef = 8E7A381428A5690E005B0C72 /* ChatDetailAdapter.swift */; };
		8E7A381728A56B19005B0C72 /* ChatDetailUIItem.swift in Sources */ = {isa = PBXBuildFile; fileRef = 8E7A381628A56B19005B0C72 /* ChatDetailUIItem.swift */; };
		8E9C98BA28A4F33000DF6E82 /* ChatListViewModelUseCases.swift in Sources */ = {isa = PBXBuildFile; fileRef = 8E9C98B928A4F33000DF6E82 /* ChatListViewModelUseCases.swift */; };
		8EA8DA5728B36B510027698A /* ReceivedLinkMessageCell.swift in Sources */ = {isa = PBXBuildFile; fileRef = 8EA8DA5528B36B510027698A /* ReceivedLinkMessageCell.swift */; };
		8EA8DA5828B36B510027698A /* ReceivedLinkMessageCell.xib in Resources */ = {isa = PBXBuildFile; fileRef = 8EA8DA5628B36B510027698A /* ReceivedLinkMessageCell.xib */; };
		8EAA01BF28AE9E3F0000E878 /* SentLinkMessageCell.swift in Sources */ = {isa = PBXBuildFile; fileRef = 8EAA01BD28AE9E3F0000E878 /* SentLinkMessageCell.swift */; };
		8EAA01C028AE9E3F0000E878 /* SentLinkMessageCell.xib in Resources */ = {isa = PBXBuildFile; fileRef = 8EAA01BE28AE9E3F0000E878 /* SentLinkMessageCell.xib */; };
		8EB387FA28A402D200B0D207 /* AppDelegate.swift in Sources */ = {isa = PBXBuildFile; fileRef = 8EB387F928A402D200B0D207 /* AppDelegate.swift */; };
		8EB387FC28A402D200B0D207 /* SceneDelegate.swift in Sources */ = {isa = PBXBuildFile; fileRef = 8EB387FB28A402D200B0D207 /* SceneDelegate.swift */; };
		8EB387FE28A402D200B0D207 /* ChatListViewController.swift in Sources */ = {isa = PBXBuildFile; fileRef = 8EB387FD28A402D200B0D207 /* ChatListViewController.swift */; };
		8EB3880128A402D200B0D207 /* Main.storyboard in Resources */ = {isa = PBXBuildFile; fileRef = 8EB387FF28A402D200B0D207 /* Main.storyboard */; };
		8EB3880328A402D400B0D207 /* Assets.xcassets in Resources */ = {isa = PBXBuildFile; fileRef = 8EB3880228A402D400B0D207 /* Assets.xcassets */; };
		8EB3880628A402D400B0D207 /* LaunchScreen.storyboard in Resources */ = {isa = PBXBuildFile; fileRef = 8EB3880428A402D400B0D207 /* LaunchScreen.storyboard */; };
		8EB3881128A402D400B0D207 /* AOWhatsappTests.swift in Sources */ = {isa = PBXBuildFile; fileRef = 8EB3881028A402D400B0D207 /* AOWhatsappTests.swift */; };
		8EB3881B28A402D400B0D207 /* AOWhatsappUITests.swift in Sources */ = {isa = PBXBuildFile; fileRef = 8EB3881A28A402D400B0D207 /* AOWhatsappUITests.swift */; };
		8EB3881D28A402D400B0D207 /* AOWhatsappUITestsLaunchTests.swift in Sources */ = {isa = PBXBuildFile; fileRef = 8EB3881C28A402D400B0D207 /* AOWhatsappUITestsLaunchTests.swift */; };
		8EB3883E28A404E100B0D207 /* User.swift in Sources */ = {isa = PBXBuildFile; fileRef = 8EB3883D28A404E100B0D207 /* User.swift */; };
		8EB3884028A4076600B0D207 /* Message.swift in Sources */ = {isa = PBXBuildFile; fileRef = 8EB3883F28A4076600B0D207 /* Message.swift */; };
		8EB3884528A4170B00B0D207 /* UITableView+Extensions.swift in Sources */ = {isa = PBXBuildFile; fileRef = 8EB3884428A4170B00B0D207 /* UITableView+Extensions.swift */; };
		8EB3884728A4177900B0D207 /* ChatListViewModel.swift in Sources */ = {isa = PBXBuildFile; fileRef = 8EB3884628A4177900B0D207 /* ChatListViewModel.swift */; };
		8EB3884928A4187600B0D207 /* ChatListAdapter.swift in Sources */ = {isa = PBXBuildFile; fileRef = 8EB3884828A4187600B0D207 /* ChatListAdapter.swift */; };
		8EB3884C28A418D200B0D207 /* ChatListCell.swift in Sources */ = {isa = PBXBuildFile; fileRef = 8EB3884A28A418D200B0D207 /* ChatListCell.swift */; };
		8EB3884D28A418D200B0D207 /* ChatListCell.xib in Resources */ = {isa = PBXBuildFile; fileRef = 8EB3884B28A418D200B0D207 /* ChatListCell.xib */; };
		8EB3885028A4191E00B0D207 /* NewGroupCell.swift in Sources */ = {isa = PBXBuildFile; fileRef = 8EB3884E28A4191E00B0D207 /* NewGroupCell.swift */; };
		8EB3885128A4191E00B0D207 /* NewGroupCell.xib in Resources */ = {isa = PBXBuildFile; fileRef = 8EB3884F28A4191E00B0D207 /* NewGroupCell.xib */; };
		8EB3885328A41A9500B0D207 /* ChatListCellUIItem.swift in Sources */ = {isa = PBXBuildFile; fileRef = 8EB3885228A41A9500B0D207 /* ChatListCellUIItem.swift */; };
/* End PBXBuildFile section */

/* Begin PBXContainerItemProxy section */
		8EB3880D28A402D400B0D207 /* PBXContainerItemProxy */ = {
			isa = PBXContainerItemProxy;
			containerPortal = 8EB387EE28A402D100B0D207 /* Project object */;
			proxyType = 1;
			remoteGlobalIDString = 8EB387F528A402D200B0D207;
			remoteInfo = AOWhatsapp;
		};
		8EB3881728A402D400B0D207 /* PBXContainerItemProxy */ = {
			isa = PBXContainerItemProxy;
			containerPortal = 8EB387EE28A402D100B0D207 /* Project object */;
			proxyType = 1;
			remoteGlobalIDString = 8EB387F528A402D200B0D207;
			remoteInfo = AOWhatsapp;
		};
/* End PBXContainerItemProxy section */

/* Begin PBXFileReference section */
		20EF6249CE8D783579953628 /* Pods-AOWhatsapp.release.xcconfig */ = {isa = PBXFileReference; includeInIndex = 1; lastKnownFileType = text.xcconfig; name = "Pods-AOWhatsapp.release.xcconfig"; path = "Target Support Files/Pods-AOWhatsapp/Pods-AOWhatsapp.release.xcconfig"; sourceTree = "<group>"; };
		38A6651D445DEEB57B06398B /* Pods_AOWhatsapp.framework */ = {isa = PBXFileReference; explicitFileType = wrapper.framework; includeInIndex = 0; path = Pods_AOWhatsapp.framework; sourceTree = BUILT_PRODUCTS_DIR; };
		5B954046D39F87C670E5E338 /* Pods-AOWhatsapp.debug.xcconfig */ = {isa = PBXFileReference; includeInIndex = 1; lastKnownFileType = text.xcconfig; name = "Pods-AOWhatsapp.debug.xcconfig"; path = "Target Support Files/Pods-AOWhatsapp/Pods-AOWhatsapp.debug.xcconfig"; sourceTree = "<group>"; };
		8E2BF18F28AD2F1100B8D267 /* NetworkManager.swift */ = {isa = PBXFileReference; lastKnownFileType = sourcecode.swift; path = NetworkManager.swift; sourceTree = "<group>"; };
		8E2BF19128AD4DD300B8D267 /* ChatDetailViewModelUseCases.swift */ = {isa = PBXFileReference; lastKnownFileType = sourcecode.swift; path = ChatDetailViewModelUseCases.swift; sourceTree = "<group>"; };
		8E3EA53328A63F4000AAB03C /* SentMessageCell.swift */ = {isa = PBXFileReference; lastKnownFileType = sourcecode.swift; path = SentMessageCell.swift; sourceTree = "<group>"; };
		8E3EA53428A63F4000AAB03C /* SentMessageCell.xib */ = {isa = PBXFileReference; lastKnownFileType = file.xib; path = SentMessageCell.xib; sourceTree = "<group>"; };
		8E3EA53E28A6444F00AAB03C /* ChatHeaderCell.swift */ = {isa = PBXFileReference; lastKnownFileType = sourcecode.swift; path = ChatHeaderCell.swift; sourceTree = "<group>"; };
		8E3EA53F28A6444F00AAB03C /* ChatHeaderCell.xib */ = {isa = PBXFileReference; lastKnownFileType = file.xib; path = ChatHeaderCell.xib; sourceTree = "<group>"; };
		8E3EA54228A6AA9800AAB03C /* ReceivedMessageCell.xib */ = {isa = PBXFileReference; fileEncoding = 4; lastKnownFileType = file.xib; path = ReceivedMessageCell.xib; sourceTree = "<group>"; };
		8E3EA54328A6AA9800AAB03C /* ReceivedMessageCell.swift */ = {isa = PBXFileReference; fileEncoding = 4; lastKnownFileType = sourcecode.swift; path = ReceivedMessageCell.swift; sourceTree = "<group>"; };
		8E7A380E28A552EA005B0C72 /* Date+Extensions.swift */ = {isa = PBXFileReference; lastKnownFileType = sourcecode.swift; path = "Date+Extensions.swift"; sourceTree = "<group>"; };
		8E7A381028A56589005B0C72 /* ChatDetailViewController.swift */ = {isa = PBXFileReference; lastKnownFileType = sourcecode.swift; path = ChatDetailViewController.swift; sourceTree = "<group>"; };
		8E7A381228A568DB005B0C72 /* ChatDetailViewModel.swift */ = {isa = PBXFileReference; lastKnownFileType = sourcecode.swift; path = ChatDetailViewModel.swift; sourceTree = "<group>"; };
		8E7A381428A5690E005B0C72 /* ChatDetailAdapter.swift */ = {isa = PBXFileReference; lastKnownFileType = sourcecode.swift; path = ChatDetailAdapter.swift; sourceTree = "<group>"; };
		8E7A381628A56B19005B0C72 /* ChatDetailUIItem.swift */ = {isa = PBXFileReference; lastKnownFileType = sourcecode.swift; path = ChatDetailUIItem.swift; sourceTree = "<group>"; };
		8E9C98B928A4F33000DF6E82 /* ChatListViewModelUseCases.swift */ = {isa = PBXFileReference; lastKnownFileType = sourcecode.swift; path = ChatListViewModelUseCases.swift; sourceTree = "<group>"; };
		8EA8DA5528B36B510027698A /* ReceivedLinkMessageCell.swift */ = {isa = PBXFileReference; fileEncoding = 4; lastKnownFileType = sourcecode.swift; path = ReceivedLinkMessageCell.swift; sourceTree = "<group>"; };
		8EA8DA5628B36B510027698A /* ReceivedLinkMessageCell.xib */ = {isa = PBXFileReference; fileEncoding = 4; lastKnownFileType = file.xib; path = ReceivedLinkMessageCell.xib; sourceTree = "<group>"; };
		8EAA01BD28AE9E3F0000E878 /* SentLinkMessageCell.swift */ = {isa = PBXFileReference; fileEncoding = 4; lastKnownFileType = sourcecode.swift; path = SentLinkMessageCell.swift; sourceTree = "<group>"; };
		8EAA01BE28AE9E3F0000E878 /* SentLinkMessageCell.xib */ = {isa = PBXFileReference; fileEncoding = 4; lastKnownFileType = file.xib; path = SentLinkMessageCell.xib; sourceTree = "<group>"; };
		8EB387F628A402D200B0D207 /* AOWhatsapp.app */ = {isa = PBXFileReference; explicitFileType = wrapper.application; includeInIndex = 0; path = AOWhatsapp.app; sourceTree = BUILT_PRODUCTS_DIR; };
		8EB387F928A402D200B0D207 /* AppDelegate.swift */ = {isa = PBXFileReference; lastKnownFileType = sourcecode.swift; path = AppDelegate.swift; sourceTree = "<group>"; };
		8EB387FB28A402D200B0D207 /* SceneDelegate.swift */ = {isa = PBXFileReference; lastKnownFileType = sourcecode.swift; path = SceneDelegate.swift; sourceTree = "<group>"; };
		8EB387FD28A402D200B0D207 /* ChatListViewController.swift */ = {isa = PBXFileReference; lastKnownFileType = sourcecode.swift; path = ChatListViewController.swift; sourceTree = "<group>"; };
		8EB3880028A402D200B0D207 /* Base */ = {isa = PBXFileReference; lastKnownFileType = file.storyboard; name = Base; path = Base.lproj/Main.storyboard; sourceTree = "<group>"; };
		8EB3880228A402D400B0D207 /* Assets.xcassets */ = {isa = PBXFileReference; lastKnownFileType = folder.assetcatalog; path = Assets.xcassets; sourceTree = "<group>"; };
		8EB3880528A402D400B0D207 /* Base */ = {isa = PBXFileReference; lastKnownFileType = file.storyboard; name = Base; path = Base.lproj/LaunchScreen.storyboard; sourceTree = "<group>"; };
		8EB3880728A402D400B0D207 /* Info.plist */ = {isa = PBXFileReference; lastKnownFileType = text.plist.xml; path = Info.plist; sourceTree = "<group>"; };
		8EB3880C28A402D400B0D207 /* AOWhatsappTests.xctest */ = {isa = PBXFileReference; explicitFileType = wrapper.cfbundle; includeInIndex = 0; path = AOWhatsappTests.xctest; sourceTree = BUILT_PRODUCTS_DIR; };
		8EB3881028A402D400B0D207 /* AOWhatsappTests.swift */ = {isa = PBXFileReference; lastKnownFileType = sourcecode.swift; path = AOWhatsappTests.swift; sourceTree = "<group>"; };
		8EB3881628A402D400B0D207 /* AOWhatsappUITests.xctest */ = {isa = PBXFileReference; explicitFileType = wrapper.cfbundle; includeInIndex = 0; path = AOWhatsappUITests.xctest; sourceTree = BUILT_PRODUCTS_DIR; };
		8EB3881A28A402D400B0D207 /* AOWhatsappUITests.swift */ = {isa = PBXFileReference; lastKnownFileType = sourcecode.swift; path = AOWhatsappUITests.swift; sourceTree = "<group>"; };
		8EB3881C28A402D400B0D207 /* AOWhatsappUITestsLaunchTests.swift */ = {isa = PBXFileReference; lastKnownFileType = sourcecode.swift; path = AOWhatsappUITestsLaunchTests.swift; sourceTree = "<group>"; };
		8EB3883D28A404E100B0D207 /* User.swift */ = {isa = PBXFileReference; lastKnownFileType = sourcecode.swift; path = User.swift; sourceTree = "<group>"; };
		8EB3883F28A4076600B0D207 /* Message.swift */ = {isa = PBXFileReference; lastKnownFileType = sourcecode.swift; path = Message.swift; sourceTree = "<group>"; };
		8EB3884428A4170B00B0D207 /* UITableView+Extensions.swift */ = {isa = PBXFileReference; lastKnownFileType = sourcecode.swift; path = "UITableView+Extensions.swift"; sourceTree = "<group>"; };
		8EB3884628A4177900B0D207 /* ChatListViewModel.swift */ = {isa = PBXFileReference; lastKnownFileType = sourcecode.swift; path = ChatListViewModel.swift; sourceTree = "<group>"; };
		8EB3884828A4187600B0D207 /* ChatListAdapter.swift */ = {isa = PBXFileReference; lastKnownFileType = sourcecode.swift; path = ChatListAdapter.swift; sourceTree = "<group>"; };
		8EB3884A28A418D200B0D207 /* ChatListCell.swift */ = {isa = PBXFileReference; lastKnownFileType = sourcecode.swift; path = ChatListCell.swift; sourceTree = "<group>"; };
		8EB3884B28A418D200B0D207 /* ChatListCell.xib */ = {isa = PBXFileReference; lastKnownFileType = file.xib; path = ChatListCell.xib; sourceTree = "<group>"; };
		8EB3884E28A4191E00B0D207 /* NewGroupCell.swift */ = {isa = PBXFileReference; lastKnownFileType = sourcecode.swift; path = NewGroupCell.swift; sourceTree = "<group>"; };
		8EB3884F28A4191E00B0D207 /* NewGroupCell.xib */ = {isa = PBXFileReference; lastKnownFileType = file.xib; path = NewGroupCell.xib; sourceTree = "<group>"; };
		8EB3885228A41A9500B0D207 /* ChatListCellUIItem.swift */ = {isa = PBXFileReference; lastKnownFileType = sourcecode.swift; path = ChatListCellUIItem.swift; sourceTree = "<group>"; };
/* End PBXFileReference section */

/* Begin PBXFrameworksBuildPhase section */
		8EB387F328A402D200B0D207 /* Frameworks */ = {
			isa = PBXFrameworksBuildPhase;
			buildActionMask = 2147483647;
			files = (
				79CC5E5636514EF1DADCCB0E /* Pods_AOWhatsapp.framework in Frameworks */,
			);
			runOnlyForDeploymentPostprocessing = 0;
		};
		8EB3880928A402D400B0D207 /* Frameworks */ = {
			isa = PBXFrameworksBuildPhase;
			buildActionMask = 2147483647;
			files = (
			);
			runOnlyForDeploymentPostprocessing = 0;
		};
		8EB3881328A402D400B0D207 /* Frameworks */ = {
			isa = PBXFrameworksBuildPhase;
			buildActionMask = 2147483647;
			files = (
			);
			runOnlyForDeploymentPostprocessing = 0;
		};
/* End PBXFrameworksBuildPhase section */

/* Begin PBXGroup section */
		8E2BF18E28AD2EDC00B8D267 /* Managers */ = {
			isa = PBXGroup;
			children = (
				8E2BF18F28AD2F1100B8D267 /* NetworkManager.swift */,
			);
			path = Managers;
			sourceTree = "<group>";
		};
		8EB387ED28A402D100B0D207 = {
			isa = PBXGroup;
			children = (
				8EB387F828A402D200B0D207 /* AOWhatsapp */,
				8EB3880F28A402D400B0D207 /* AOWhatsappTests */,
				8EB3881928A402D400B0D207 /* AOWhatsappUITests */,
				8EB387F728A402D200B0D207 /* Products */,
				928D1BCA117C26B378C022F8 /* Pods */,
				BDDA0CC8E3146175D02D75CC /* Frameworks */,
			);
			sourceTree = "<group>";
		};
		8EB387F728A402D200B0D207 /* Products */ = {
			isa = PBXGroup;
			children = (
				8EB387F628A402D200B0D207 /* AOWhatsapp.app */,
				8EB3880C28A402D400B0D207 /* AOWhatsappTests.xctest */,
				8EB3881628A402D400B0D207 /* AOWhatsappUITests.xctest */,
			);
			name = Products;
			sourceTree = "<group>";
		};
		8EB387F828A402D200B0D207 /* AOWhatsapp */ = {
			isa = PBXGroup;
			children = (
				8E2BF18E28AD2EDC00B8D267 /* Managers */,
				8EB3882928A403BD00B0D207 /* Extensions */,
				8EB3882A28A403D400B0D207 /* Models */,
				8EB3882B28A403DF00B0D207 /* UI */,
				8EB387F928A402D200B0D207 /* AppDelegate.swift */,
				8EB387FB28A402D200B0D207 /* SceneDelegate.swift */,
				8EB387FF28A402D200B0D207 /* Main.storyboard */,
				8EB3880228A402D400B0D207 /* Assets.xcassets */,
				8EB3880428A402D400B0D207 /* LaunchScreen.storyboard */,
				8EB3880728A402D400B0D207 /* Info.plist */,
			);
			path = AOWhatsapp;
			sourceTree = "<group>";
		};
		8EB3880F28A402D400B0D207 /* AOWhatsappTests */ = {
			isa = PBXGroup;
			children = (
				8EB3881028A402D400B0D207 /* AOWhatsappTests.swift */,
			);
			path = AOWhatsappTests;
			sourceTree = "<group>";
		};
		8EB3881928A402D400B0D207 /* AOWhatsappUITests */ = {
			isa = PBXGroup;
			children = (
				8EB3881A28A402D400B0D207 /* AOWhatsappUITests.swift */,
				8EB3881C28A402D400B0D207 /* AOWhatsappUITestsLaunchTests.swift */,
			);
			path = AOWhatsappUITests;
			sourceTree = "<group>";
		};
		8EB3882928A403BD00B0D207 /* Extensions */ = {
			isa = PBXGroup;
			children = (
				8EB3884428A4170B00B0D207 /* UITableView+Extensions.swift */,
				8E7A380E28A552EA005B0C72 /* Date+Extensions.swift */,
			);
			path = Extensions;
			sourceTree = "<group>";
		};
		8EB3882A28A403D400B0D207 /* Models */ = {
			isa = PBXGroup;
			children = (
				8EB3883D28A404E100B0D207 /* User.swift */,
				8EB3883F28A4076600B0D207 /* Message.swift */,
			);
			path = Models;
			sourceTree = "<group>";
		};
		8EB3882B28A403DF00B0D207 /* UI */ = {
			isa = PBXGroup;
			children = (
				8EB3882C28A403F500B0D207 /* Scenes */,
			);
			path = UI;
			sourceTree = "<group>";
		};
		8EB3882C28A403F500B0D207 /* Scenes */ = {
			isa = PBXGroup;
			children = (
				8EB3882E28A4041400B0D207 /* Detail */,
				8EB3882D28A403FD00B0D207 /* List */,
			);
			path = Scenes;
			sourceTree = "<group>";
		};
		8EB3882D28A403FD00B0D207 /* List */ = {
			isa = PBXGroup;
			children = (
				8EB3883428A4045300B0D207 /* ViewController */,
				8EB3883328A4044A00B0D207 /* ViewModel */,
				8EB3883228A4044400B0D207 /* Adapter */,
				8EB3883128A4043A00B0D207 /* View */,
				8EB3883028A4043200B0D207 /* UIItems */,
				8EB3882F28A4042400B0D207 /* UseCases */,
			);
			path = List;
			sourceTree = "<group>";
		};
		8EB3882E28A4041400B0D207 /* Detail */ = {
			isa = PBXGroup;
			children = (
				8EB3883C28A4049D00B0D207 /* ViewController */,
				8EB3883B28A4049400B0D207 /* ViewModel */,
				8EB3883A28A4048C00B0D207 /* Adapter */,
				8EB3883828A4047D00B0D207 /* View */,
				8EB3883728A4047500B0D207 /* UIItems */,
				8EB3883628A4046E00B0D207 /* UseCases */,
			);
			path = Detail;
			sourceTree = "<group>";
		};
		8EB3882F28A4042400B0D207 /* UseCases */ = {
			isa = PBXGroup;
			children = (
				8E9C98B928A4F33000DF6E82 /* ChatListViewModelUseCases.swift */,
			);
			path = UseCases;
			sourceTree = "<group>";
		};
		8EB3883028A4043200B0D207 /* UIItems */ = {
			isa = PBXGroup;
			children = (
				8EB3885228A41A9500B0D207 /* ChatListCellUIItem.swift */,
			);
			path = UIItems;
			sourceTree = "<group>";
		};
		8EB3883128A4043A00B0D207 /* View */ = {
			isa = PBXGroup;
			children = (
				8EB3883528A4045F00B0D207 /* Cells */,
			);
			path = View;
			sourceTree = "<group>";
		};
		8EB3883228A4044400B0D207 /* Adapter */ = {
			isa = PBXGroup;
			children = (
				8EB3884828A4187600B0D207 /* ChatListAdapter.swift */,
			);
			path = Adapter;
			sourceTree = "<group>";
		};
		8EB3883328A4044A00B0D207 /* ViewModel */ = {
			isa = PBXGroup;
			children = (
				8EB3884628A4177900B0D207 /* ChatListViewModel.swift */,
			);
			path = ViewModel;
			sourceTree = "<group>";
		};
		8EB3883428A4045300B0D207 /* ViewController */ = {
			isa = PBXGroup;
			children = (
				8EB387FD28A402D200B0D207 /* ChatListViewController.swift */,
			);
			path = ViewController;
			sourceTree = "<group>";
		};
		8EB3883528A4045F00B0D207 /* Cells */ = {
			isa = PBXGroup;
			children = (
				8EB3884A28A418D200B0D207 /* ChatListCell.swift */,
				8EB3884B28A418D200B0D207 /* ChatListCell.xib */,
				8EB3884E28A4191E00B0D207 /* NewGroupCell.swift */,
				8EB3884F28A4191E00B0D207 /* NewGroupCell.xib */,
			);
			path = Cells;
			sourceTree = "<group>";
		};
		8EB3883628A4046E00B0D207 /* UseCases */ = {
			isa = PBXGroup;
			children = (
				8E2BF19128AD4DD300B8D267 /* ChatDetailViewModelUseCases.swift */,
			);
			path = UseCases;
			sourceTree = "<group>";
		};
		8EB3883728A4047500B0D207 /* UIItems */ = {
			isa = PBXGroup;
			children = (
				8E7A381628A56B19005B0C72 /* ChatDetailUIItem.swift */,
			);
			path = UIItems;
			sourceTree = "<group>";
		};
		8EB3883828A4047D00B0D207 /* View */ = {
			isa = PBXGroup;
			children = (
				8EB3883928A4048500B0D207 /* Cells */,
			);
			path = View;
			sourceTree = "<group>";
		};
		8EB3883928A4048500B0D207 /* Cells */ = {
			isa = PBXGroup;
			children = (
				8EAA01BD28AE9E3F0000E878 /* SentLinkMessageCell.swift */,
				8EAA01BE28AE9E3F0000E878 /* SentLinkMessageCell.xib */,
				8E3EA53328A63F4000AAB03C /* SentMessageCell.swift */,
				8E3EA53428A63F4000AAB03C /* SentMessageCell.xib */,
				8EA8DA5528B36B510027698A /* ReceivedLinkMessageCell.swift */,
				8EA8DA5628B36B510027698A /* ReceivedLinkMessageCell.xib */,
				8E3EA54328A6AA9800AAB03C /* ReceivedMessageCell.swift */,
				8E3EA54228A6AA9800AAB03C /* ReceivedMessageCell.xib */,
				8E3EA53E28A6444F00AAB03C /* ChatHeaderCell.swift */,
				8E3EA53F28A6444F00AAB03C /* ChatHeaderCell.xib */,
			);
			path = Cells;
			sourceTree = "<group>";
		};
		8EB3883A28A4048C00B0D207 /* Adapter */ = {
			isa = PBXGroup;
			children = (
				8E7A381428A5690E005B0C72 /* ChatDetailAdapter.swift */,
			);
			path = Adapter;
			sourceTree = "<group>";
		};
		8EB3883B28A4049400B0D207 /* ViewModel */ = {
			isa = PBXGroup;
			children = (
				8E7A381228A568DB005B0C72 /* ChatDetailViewModel.swift */,
			);
			path = ViewModel;
			sourceTree = "<group>";
		};
		8EB3883C28A4049D00B0D207 /* ViewController */ = {
			isa = PBXGroup;
			children = (
				8E7A381028A56589005B0C72 /* ChatDetailViewController.swift */,
			);
			path = ViewController;
			sourceTree = "<group>";
		};
		928D1BCA117C26B378C022F8 /* Pods */ = {
			isa = PBXGroup;
			children = (
				5B954046D39F87C670E5E338 /* Pods-AOWhatsapp.debug.xcconfig */,
				20EF6249CE8D783579953628 /* Pods-AOWhatsapp.release.xcconfig */,
			);
			path = Pods;
			sourceTree = "<group>";
		};
		BDDA0CC8E3146175D02D75CC /* Frameworks */ = {
			isa = PBXGroup;
			children = (
				38A6651D445DEEB57B06398B /* Pods_AOWhatsapp.framework */,
			);
			name = Frameworks;
			sourceTree = "<group>";
		};
/* End PBXGroup section */

/* Begin PBXNativeTarget section */
		8EB387F528A402D200B0D207 /* AOWhatsapp */ = {
			isa = PBXNativeTarget;
			buildConfigurationList = 8EB3882028A402D400B0D207 /* Build configuration list for PBXNativeTarget "AOWhatsapp" */;
			buildPhases = (
				2C21705D205B991EB352BC7B /* [CP] Check Pods Manifest.lock */,
				8EB387F228A402D200B0D207 /* Sources */,
				8EB387F328A402D200B0D207 /* Frameworks */,
				8EB387F428A402D200B0D207 /* Resources */,
				2BD1D42A8828E02439398759 /* [CP] Embed Pods Frameworks */,
			);
			buildRules = (
			);
			dependencies = (
			);
			name = AOWhatsapp;
			productName = AOWhatsapp;
			productReference = 8EB387F628A402D200B0D207 /* AOWhatsapp.app */;
			productType = "com.apple.product-type.application";
		};
		8EB3880B28A402D400B0D207 /* AOWhatsappTests */ = {
			isa = PBXNativeTarget;
			buildConfigurationList = 8EB3882328A402D400B0D207 /* Build configuration list for PBXNativeTarget "AOWhatsappTests" */;
			buildPhases = (
				8EB3880828A402D400B0D207 /* Sources */,
				8EB3880928A402D400B0D207 /* Frameworks */,
				8EB3880A28A402D400B0D207 /* Resources */,
			);
			buildRules = (
			);
			dependencies = (
				8EB3880E28A402D400B0D207 /* PBXTargetDependency */,
			);
			name = AOWhatsappTests;
			productName = AOWhatsappTests;
			productReference = 8EB3880C28A402D400B0D207 /* AOWhatsappTests.xctest */;
			productType = "com.apple.product-type.bundle.unit-test";
		};
		8EB3881528A402D400B0D207 /* AOWhatsappUITests */ = {
			isa = PBXNativeTarget;
			buildConfigurationList = 8EB3882628A402D400B0D207 /* Build configuration list for PBXNativeTarget "AOWhatsappUITests" */;
			buildPhases = (
				8EB3881228A402D400B0D207 /* Sources */,
				8EB3881328A402D400B0D207 /* Frameworks */,
				8EB3881428A402D400B0D207 /* Resources */,
			);
			buildRules = (
			);
			dependencies = (
				8EB3881828A402D400B0D207 /* PBXTargetDependency */,
			);
			name = AOWhatsappUITests;
			productName = AOWhatsappUITests;
			productReference = 8EB3881628A402D400B0D207 /* AOWhatsappUITests.xctest */;
			productType = "com.apple.product-type.bundle.ui-testing";
		};
/* End PBXNativeTarget section */

/* Begin PBXProject section */
		8EB387EE28A402D100B0D207 /* Project object */ = {
			isa = PBXProject;
			attributes = {
				BuildIndependentTargetsInParallel = 1;
				LastSwiftUpdateCheck = 1340;
				LastUpgradeCheck = 1340;
				TargetAttributes = {
					8EB387F528A402D200B0D207 = {
						CreatedOnToolsVersion = 13.4.1;
					};
					8EB3880B28A402D400B0D207 = {
						CreatedOnToolsVersion = 13.4.1;
						TestTargetID = 8EB387F528A402D200B0D207;
					};
					8EB3881528A402D400B0D207 = {
						CreatedOnToolsVersion = 13.4.1;
						TestTargetID = 8EB387F528A402D200B0D207;
					};
				};
			};
			buildConfigurationList = 8EB387F128A402D100B0D207 /* Build configuration list for PBXProject "AOWhatsapp" */;
			compatibilityVersion = "Xcode 13.0";
			developmentRegion = en;
			hasScannedForEncodings = 0;
			knownRegions = (
				en,
				Base,
			);
			mainGroup = 8EB387ED28A402D100B0D207;
			productRefGroup = 8EB387F728A402D200B0D207 /* Products */;
			projectDirPath = "";
			projectRoot = "";
			targets = (
				8EB387F528A402D200B0D207 /* AOWhatsapp */,
				8EB3880B28A402D400B0D207 /* AOWhatsappTests */,
				8EB3881528A402D400B0D207 /* AOWhatsappUITests */,
			);
		};
/* End PBXProject section */

/* Begin PBXResourcesBuildPhase section */
		8EB387F428A402D200B0D207 /* Resources */ = {
			isa = PBXResourcesBuildPhase;
			buildActionMask = 2147483647;
			files = (
				8EB3885128A4191E00B0D207 /* NewGroupCell.xib in Resources */,
				8E3EA53628A63F4000AAB03C /* SentMessageCell.xib in Resources */,
				8EB3880628A402D400B0D207 /* LaunchScreen.storyboard in Resources */,
				8EAA01C028AE9E3F0000E878 /* SentLinkMessageCell.xib in Resources */,
				8E3EA54128A6444F00AAB03C /* ChatHeaderCell.xib in Resources */,
				8E3EA54428A6AA9900AAB03C /* ReceivedMessageCell.xib in Resources */,
				8EA8DA5828B36B510027698A /* ReceivedLinkMessageCell.xib in Resources */,
				8EB3884D28A418D200B0D207 /* ChatListCell.xib in Resources */,
				8EB3880328A402D400B0D207 /* Assets.xcassets in Resources */,
				8EB3880128A402D200B0D207 /* Main.storyboard in Resources */,
			);
			runOnlyForDeploymentPostprocessing = 0;
		};
		8EB3880A28A402D400B0D207 /* Resources */ = {
			isa = PBXResourcesBuildPhase;
			buildActionMask = 2147483647;
			files = (
			);
			runOnlyForDeploymentPostprocessing = 0;
		};
		8EB3881428A402D400B0D207 /* Resources */ = {
			isa = PBXResourcesBuildPhase;
			buildActionMask = 2147483647;
			files = (
			);
			runOnlyForDeploymentPostprocessing = 0;
		};
/* End PBXResourcesBuildPhase section */

/* Begin PBXShellScriptBuildPhase section */
		2BD1D42A8828E02439398759 /* [CP] Embed Pods Frameworks */ = {
			isa = PBXShellScriptBuildPhase;
			buildActionMask = 2147483647;
			files = (
			);
			inputFileListPaths = (
				"${PODS_ROOT}/Target Support Files/Pods-AOWhatsapp/Pods-AOWhatsapp-frameworks-${CONFIGURATION}-input-files.xcfilelist",
			);
			name = "[CP] Embed Pods Frameworks";
			outputFileListPaths = (
				"${PODS_ROOT}/Target Support Files/Pods-AOWhatsapp/Pods-AOWhatsapp-frameworks-${CONFIGURATION}-output-files.xcfilelist",
			);
			runOnlyForDeploymentPostprocessing = 0;
			shellPath = /bin/sh;
			shellScript = "\"${PODS_ROOT}/Target Support Files/Pods-AOWhatsapp/Pods-AOWhatsapp-frameworks.sh\"\n";
			showEnvVarsInLog = 0;
		};
		2C21705D205B991EB352BC7B /* [CP] Check Pods Manifest.lock */ = {
			isa = PBXShellScriptBuildPhase;
			buildActionMask = 2147483647;
			files = (
			);
			inputFileListPaths = (
			);
			inputPaths = (
				"${PODS_PODFILE_DIR_PATH}/Podfile.lock",
				"${PODS_ROOT}/Manifest.lock",
			);
			name = "[CP] Check Pods Manifest.lock";
			outputFileListPaths = (
			);
			outputPaths = (
				"$(DERIVED_FILE_DIR)/Pods-AOWhatsapp-checkManifestLockResult.txt",
			);
			runOnlyForDeploymentPostprocessing = 0;
			shellPath = /bin/sh;
			shellScript = "diff \"${PODS_PODFILE_DIR_PATH}/Podfile.lock\" \"${PODS_ROOT}/Manifest.lock\" > /dev/null\nif [ $? != 0 ] ; then\n    # print error to STDERR\n    echo \"error: The sandbox is not in sync with the Podfile.lock. Run 'pod install' or update your CocoaPods installation.\" >&2\n    exit 1\nfi\n# This output is used by Xcode 'outputs' to avoid re-running this script phase.\necho \"SUCCESS\" > \"${SCRIPT_OUTPUT_FILE_0}\"\n";
			showEnvVarsInLog = 0;
		};
/* End PBXShellScriptBuildPhase section */

/* Begin PBXSourcesBuildPhase section */
		8EB387F228A402D200B0D207 /* Sources */ = {
			isa = PBXSourcesBuildPhase;
			buildActionMask = 2147483647;
			files = (
				8E3EA54528A6AA9900AAB03C /* ReceivedMessageCell.swift in Sources */,
				8E2BF19228AD4DD300B8D267 /* ChatDetailViewModelUseCases.swift in Sources */,
				8E7A381728A56B19005B0C72 /* ChatDetailUIItem.swift in Sources */,
				8EB3883E28A404E100B0D207 /* User.swift in Sources */,
				8E2BF19028AD2F1100B8D267 /* NetworkManager.swift in Sources */,
				8E7A381128A56589005B0C72 /* ChatDetailViewController.swift in Sources */,
				8EB3884528A4170B00B0D207 /* UITableView+Extensions.swift in Sources */,
				8EB3884728A4177900B0D207 /* ChatListViewModel.swift in Sources */,
				8E3EA53528A63F4000AAB03C /* SentMessageCell.swift in Sources */,
				8E7A380F28A552EA005B0C72 /* Date+Extensions.swift in Sources */,
				8EA8DA5728B36B510027698A /* ReceivedLinkMessageCell.swift in Sources */,
				8E9C98BA28A4F33000DF6E82 /* ChatListViewModelUseCases.swift in Sources */,
				8E7A381528A5690E005B0C72 /* ChatDetailAdapter.swift in Sources */,
				8EB387FE28A402D200B0D207 /* ChatListViewController.swift in Sources */,
				8EB3884028A4076600B0D207 /* Message.swift in Sources */,
				8E3EA54028A6444F00AAB03C /* ChatHeaderCell.swift in Sources */,
				8EB3884C28A418D200B0D207 /* ChatListCell.swift in Sources */,
				8EB3884928A4187600B0D207 /* ChatListAdapter.swift in Sources */,
				8EB3885028A4191E00B0D207 /* NewGroupCell.swift in Sources */,
				8EB3885328A41A9500B0D207 /* ChatListCellUIItem.swift in Sources */,
				8E7A381328A568DB005B0C72 /* ChatDetailViewModel.swift in Sources */,
				8EB387FA28A402D200B0D207 /* AppDelegate.swift in Sources */,
				8EB387FC28A402D200B0D207 /* SceneDelegate.swift in Sources */,
				8EAA01BF28AE9E3F0000E878 /* SentLinkMessageCell.swift in Sources */,
			);
			runOnlyForDeploymentPostprocessing = 0;
		};
		8EB3880828A402D400B0D207 /* Sources */ = {
			isa = PBXSourcesBuildPhase;
			buildActionMask = 2147483647;
			files = (
				8EB3881128A402D400B0D207 /* AOWhatsappTests.swift in Sources */,
			);
			runOnlyForDeploymentPostprocessing = 0;
		};
		8EB3881228A402D400B0D207 /* Sources */ = {
			isa = PBXSourcesBuildPhase;
			buildActionMask = 2147483647;
			files = (
				8EB3881D28A402D400B0D207 /* AOWhatsappUITestsLaunchTests.swift in Sources */,
				8EB3881B28A402D400B0D207 /* AOWhatsappUITests.swift in Sources */,
			);
			runOnlyForDeploymentPostprocessing = 0;
		};
/* End PBXSourcesBuildPhase section */

/* Begin PBXTargetDependency section */
		8EB3880E28A402D400B0D207 /* PBXTargetDependency */ = {
			isa = PBXTargetDependency;
			target = 8EB387F528A402D200B0D207 /* AOWhatsapp */;
			targetProxy = 8EB3880D28A402D400B0D207 /* PBXContainerItemProxy */;
		};
		8EB3881828A402D400B0D207 /* PBXTargetDependency */ = {
			isa = PBXTargetDependency;
			target = 8EB387F528A402D200B0D207 /* AOWhatsapp */;
			targetProxy = 8EB3881728A402D400B0D207 /* PBXContainerItemProxy */;
		};
/* End PBXTargetDependency section */

/* Begin PBXVariantGroup section */
		8EB387FF28A402D200B0D207 /* Main.storyboard */ = {
			isa = PBXVariantGroup;
			children = (
				8EB3880028A402D200B0D207 /* Base */,
			);
			name = Main.storyboard;
			sourceTree = "<group>";
		};
		8EB3880428A402D400B0D207 /* LaunchScreen.storyboard */ = {
			isa = PBXVariantGroup;
			children = (
				8EB3880528A402D400B0D207 /* Base */,
			);
			name = LaunchScreen.storyboard;
			sourceTree = "<group>";
		};
/* End PBXVariantGroup section */

/* Begin XCBuildConfiguration section */
		8EB3881E28A402D400B0D207 /* Debug */ = {
			isa = XCBuildConfiguration;
			buildSettings = {
				ALWAYS_SEARCH_USER_PATHS = NO;
				CLANG_ANALYZER_NONNULL = YES;
				CLANG_ANALYZER_NUMBER_OBJECT_CONVERSION = YES_AGGRESSIVE;
				CLANG_CXX_LANGUAGE_STANDARD = "gnu++17";
				CLANG_ENABLE_MODULES = YES;
				CLANG_ENABLE_OBJC_ARC = YES;
				CLANG_ENABLE_OBJC_WEAK = YES;
				CLANG_WARN_BLOCK_CAPTURE_AUTORELEASING = YES;
				CLANG_WARN_BOOL_CONVERSION = YES;
				CLANG_WARN_COMMA = YES;
				CLANG_WARN_CONSTANT_CONVERSION = YES;
				CLANG_WARN_DEPRECATED_OBJC_IMPLEMENTATIONS = YES;
				CLANG_WARN_DIRECT_OBJC_ISA_USAGE = YES_ERROR;
				CLANG_WARN_DOCUMENTATION_COMMENTS = YES;
				CLANG_WARN_EMPTY_BODY = YES;
				CLANG_WARN_ENUM_CONVERSION = YES;
				CLANG_WARN_INFINITE_RECURSION = YES;
				CLANG_WARN_INT_CONVERSION = YES;
				CLANG_WARN_NON_LITERAL_NULL_CONVERSION = YES;
				CLANG_WARN_OBJC_IMPLICIT_RETAIN_SELF = YES;
				CLANG_WARN_OBJC_LITERAL_CONVERSION = YES;
				CLANG_WARN_OBJC_ROOT_CLASS = YES_ERROR;
				CLANG_WARN_QUOTED_INCLUDE_IN_FRAMEWORK_HEADER = YES;
				CLANG_WARN_RANGE_LOOP_ANALYSIS = YES;
				CLANG_WARN_STRICT_PROTOTYPES = YES;
				CLANG_WARN_SUSPICIOUS_MOVE = YES;
				CLANG_WARN_UNGUARDED_AVAILABILITY = YES_AGGRESSIVE;
				CLANG_WARN_UNREACHABLE_CODE = YES;
				CLANG_WARN__DUPLICATE_METHOD_MATCH = YES;
				COPY_PHASE_STRIP = NO;
				DEBUG_INFORMATION_FORMAT = dwarf;
				ENABLE_STRICT_OBJC_MSGSEND = YES;
				ENABLE_TESTABILITY = YES;
				GCC_C_LANGUAGE_STANDARD = gnu11;
				GCC_DYNAMIC_NO_PIC = NO;
				GCC_NO_COMMON_BLOCKS = YES;
				GCC_OPTIMIZATION_LEVEL = 0;
				GCC_PREPROCESSOR_DEFINITIONS = (
					"DEBUG=1",
					"$(inherited)",
				);
				GCC_WARN_64_TO_32_BIT_CONVERSION = YES;
				GCC_WARN_ABOUT_RETURN_TYPE = YES_ERROR;
				GCC_WARN_UNDECLARED_SELECTOR = YES;
				GCC_WARN_UNINITIALIZED_AUTOS = YES_AGGRESSIVE;
				GCC_WARN_UNUSED_FUNCTION = YES;
				GCC_WARN_UNUSED_VARIABLE = YES;
				IPHONEOS_DEPLOYMENT_TARGET = 15.5;
				MTL_ENABLE_DEBUG_INFO = INCLUDE_SOURCE;
				MTL_FAST_MATH = YES;
				ONLY_ACTIVE_ARCH = YES;
				SDKROOT = iphoneos;
				SWIFT_ACTIVE_COMPILATION_CONDITIONS = DEBUG;
				SWIFT_OPTIMIZATION_LEVEL = "-Onone";
			};
			name = Debug;
		};
		8EB3881F28A402D400B0D207 /* Release */ = {
			isa = XCBuildConfiguration;
			buildSettings = {
				ALWAYS_SEARCH_USER_PATHS = NO;
				CLANG_ANALYZER_NONNULL = YES;
				CLANG_ANALYZER_NUMBER_OBJECT_CONVERSION = YES_AGGRESSIVE;
				CLANG_CXX_LANGUAGE_STANDARD = "gnu++17";
				CLANG_ENABLE_MODULES = YES;
				CLANG_ENABLE_OBJC_ARC = YES;
				CLANG_ENABLE_OBJC_WEAK = YES;
				CLANG_WARN_BLOCK_CAPTURE_AUTORELEASING = YES;
				CLANG_WARN_BOOL_CONVERSION = YES;
				CLANG_WARN_COMMA = YES;
				CLANG_WARN_CONSTANT_CONVERSION = YES;
				CLANG_WARN_DEPRECATED_OBJC_IMPLEMENTATIONS = YES;
				CLANG_WARN_DIRECT_OBJC_ISA_USAGE = YES_ERROR;
				CLANG_WARN_DOCUMENTATION_COMMENTS = YES;
				CLANG_WARN_EMPTY_BODY = YES;
				CLANG_WARN_ENUM_CONVERSION = YES;
				CLANG_WARN_INFINITE_RECURSION = YES;
				CLANG_WARN_INT_CONVERSION = YES;
				CLANG_WARN_NON_LITERAL_NULL_CONVERSION = YES;
				CLANG_WARN_OBJC_IMPLICIT_RETAIN_SELF = YES;
				CLANG_WARN_OBJC_LITERAL_CONVERSION = YES;
				CLANG_WARN_OBJC_ROOT_CLASS = YES_ERROR;
				CLANG_WARN_QUOTED_INCLUDE_IN_FRAMEWORK_HEADER = YES;
				CLANG_WARN_RANGE_LOOP_ANALYSIS = YES;
				CLANG_WARN_STRICT_PROTOTYPES = YES;
				CLANG_WARN_SUSPICIOUS_MOVE = YES;
				CLANG_WARN_UNGUARDED_AVAILABILITY = YES_AGGRESSIVE;
				CLANG_WARN_UNREACHABLE_CODE = YES;
				CLANG_WARN__DUPLICATE_METHOD_MATCH = YES;
				COPY_PHASE_STRIP = NO;
				DEBUG_INFORMATION_FORMAT = "dwarf-with-dsym";
				ENABLE_NS_ASSERTIONS = NO;
				ENABLE_STRICT_OBJC_MSGSEND = YES;
				GCC_C_LANGUAGE_STANDARD = gnu11;
				GCC_NO_COMMON_BLOCKS = YES;
				GCC_WARN_64_TO_32_BIT_CONVERSION = YES;
				GCC_WARN_ABOUT_RETURN_TYPE = YES_ERROR;
				GCC_WARN_UNDECLARED_SELECTOR = YES;
				GCC_WARN_UNINITIALIZED_AUTOS = YES_AGGRESSIVE;
				GCC_WARN_UNUSED_FUNCTION = YES;
				GCC_WARN_UNUSED_VARIABLE = YES;
				IPHONEOS_DEPLOYMENT_TARGET = 15.5;
				MTL_ENABLE_DEBUG_INFO = NO;
				MTL_FAST_MATH = YES;
				SDKROOT = iphoneos;
				SWIFT_COMPILATION_MODE = wholemodule;
				SWIFT_OPTIMIZATION_LEVEL = "-O";
				VALIDATE_PRODUCT = YES;
			};
			name = Release;
		};
		8EB3882128A402D400B0D207 /* Debug */ = {
			isa = XCBuildConfiguration;
			baseConfigurationReference = 5B954046D39F87C670E5E338 /* Pods-AOWhatsapp.debug.xcconfig */;
			buildSettings = {
				ASSETCATALOG_COMPILER_APPICON_NAME = AppIcon;
				ASSETCATALOG_COMPILER_GLOBAL_ACCENT_COLOR_NAME = AccentColor;
				CODE_SIGN_STYLE = Automatic;
				CURRENT_PROJECT_VERSION = 1;
				GENERATE_INFOPLIST_FILE = YES;
				INFOPLIST_FILE = AOWhatsapp/Info.plist;
				INFOPLIST_KEY_UIApplicationSupportsIndirectInputEvents = YES;
				INFOPLIST_KEY_UILaunchStoryboardName = LaunchScreen;
				INFOPLIST_KEY_UIMainStoryboardFile = Main;
				INFOPLIST_KEY_UISupportedInterfaceOrientations_iPad = "UIInterfaceOrientationPortrait UIInterfaceOrientationPortraitUpsideDown UIInterfaceOrientationLandscapeLeft UIInterfaceOrientationLandscapeRight";
				INFOPLIST_KEY_UISupportedInterfaceOrientations_iPhone = "UIInterfaceOrientationPortrait UIInterfaceOrientationLandscapeLeft UIInterfaceOrientationLandscapeRight";
				LD_RUNPATH_SEARCH_PATHS = (
					"$(inherited)",
					"@executable_path/Frameworks",
				);
				MARKETING_VERSION = 1.0;
				PRODUCT_BUNDLE_IDENTIFIER = AOWhatsapp.AOWhatsapp;
				PRODUCT_NAME = "$(TARGET_NAME)";
				SWIFT_EMIT_LOC_STRINGS = YES;
				SWIFT_VERSION = 5.0;
				TARGETED_DEVICE_FAMILY = "1,2";
			};
			name = Debug;
		};
		8EB3882228A402D400B0D207 /* Release */ = {
			isa = XCBuildConfiguration;
			baseConfigurationReference = 20EF6249CE8D783579953628 /* Pods-AOWhatsapp.release.xcconfig */;
			buildSettings = {
				ASSETCATALOG_COMPILER_APPICON_NAME = AppIcon;
				ASSETCATALOG_COMPILER_GLOBAL_ACCENT_COLOR_NAME = AccentColor;
				CODE_SIGN_STYLE = Automatic;
				CURRENT_PROJECT_VERSION = 1;
				GENERATE_INFOPLIST_FILE = YES;
				INFOPLIST_FILE = AOWhatsapp/Info.plist;
				INFOPLIST_KEY_UIApplicationSupportsIndirectInputEvents = YES;
				INFOPLIST_KEY_UILaunchStoryboardName = LaunchScreen;
				INFOPLIST_KEY_UIMainStoryboardFile = Main;
				INFOPLIST_KEY_UISupportedInterfaceOrientations_iPad = "UIInterfaceOrientationPortrait UIInterfaceOrientationPortraitUpsideDown UIInterfaceOrientationLandscapeLeft UIInterfaceOrientationLandscapeRight";
				INFOPLIST_KEY_UISupportedInterfaceOrientations_iPhone = "UIInterfaceOrientationPortrait UIInterfaceOrientationLandscapeLeft UIInterfaceOrientationLandscapeRight";
				LD_RUNPATH_SEARCH_PATHS = (
					"$(inherited)",
					"@executable_path/Frameworks",
				);
				MARKETING_VERSION = 1.0;
				PRODUCT_BUNDLE_IDENTIFIER = AOWhatsapp.AOWhatsapp;
				PRODUCT_NAME = "$(TARGET_NAME)";
				SWIFT_EMIT_LOC_STRINGS = YES;
				SWIFT_VERSION = 5.0;
				TARGETED_DEVICE_FAMILY = "1,2";
			};
			name = Release;
		};
		8EB3882428A402D400B0D207 /* Debug */ = {
			isa = XCBuildConfiguration;
			buildSettings = {
				ALWAYS_EMBED_SWIFT_STANDARD_LIBRARIES = YES;
				BUNDLE_LOADER = "$(TEST_HOST)";
				CODE_SIGN_STYLE = Automatic;
				CURRENT_PROJECT_VERSION = 1;
				GENERATE_INFOPLIST_FILE = YES;
				IPHONEOS_DEPLOYMENT_TARGET = 15.5;
				MARKETING_VERSION = 1.0;
				PRODUCT_BUNDLE_IDENTIFIER = AOWhatsapp.AOWhatsappTests;
				PRODUCT_NAME = "$(TARGET_NAME)";
				SWIFT_EMIT_LOC_STRINGS = NO;
				SWIFT_VERSION = 5.0;
				TARGETED_DEVICE_FAMILY = "1,2";
				TEST_HOST = "$(BUILT_PRODUCTS_DIR)/AOWhatsapp.app/AOWhatsapp";
			};
			name = Debug;
		};
		8EB3882528A402D400B0D207 /* Release */ = {
			isa = XCBuildConfiguration;
			buildSettings = {
				ALWAYS_EMBED_SWIFT_STANDARD_LIBRARIES = YES;
				BUNDLE_LOADER = "$(TEST_HOST)";
				CODE_SIGN_STYLE = Automatic;
				CURRENT_PROJECT_VERSION = 1;
				GENERATE_INFOPLIST_FILE = YES;
				IPHONEOS_DEPLOYMENT_TARGET = 15.5;
				MARKETING_VERSION = 1.0;
				PRODUCT_BUNDLE_IDENTIFIER = AOWhatsapp.AOWhatsappTests;
				PRODUCT_NAME = "$(TARGET_NAME)";
				SWIFT_EMIT_LOC_STRINGS = NO;
				SWIFT_VERSION = 5.0;
				TARGETED_DEVICE_FAMILY = "1,2";
				TEST_HOST = "$(BUILT_PRODUCTS_DIR)/AOWhatsapp.app/AOWhatsapp";
			};
			name = Release;
		};
		8EB3882728A402D400B0D207 /* Debug */ = {
			isa = XCBuildConfiguration;
			buildSettings = {
				ALWAYS_EMBED_SWIFT_STANDARD_LIBRARIES = YES;
				CODE_SIGN_STYLE = Automatic;
				CURRENT_PROJECT_VERSION = 1;
				GENERATE_INFOPLIST_FILE = YES;
				MARKETING_VERSION = 1.0;
				PRODUCT_BUNDLE_IDENTIFIER = AOWhatsapp.AOWhatsappUITests;
				PRODUCT_NAME = "$(TARGET_NAME)";
				SWIFT_EMIT_LOC_STRINGS = NO;
				SWIFT_VERSION = 5.0;
				TARGETED_DEVICE_FAMILY = "1,2";
				TEST_TARGET_NAME = AOWhatsapp;
			};
			name = Debug;
		};
		8EB3882828A402D400B0D207 /* Release */ = {
			isa = XCBuildConfiguration;
			buildSettings = {
				ALWAYS_EMBED_SWIFT_STANDARD_LIBRARIES = YES;
				CODE_SIGN_STYLE = Automatic;
				CURRENT_PROJECT_VERSION = 1;
				GENERATE_INFOPLIST_FILE = YES;
				MARKETING_VERSION = 1.0;
				PRODUCT_BUNDLE_IDENTIFIER = AOWhatsapp.AOWhatsappUITests;
				PRODUCT_NAME = "$(TARGET_NAME)";
				SWIFT_EMIT_LOC_STRINGS = NO;
				SWIFT_VERSION = 5.0;
				TARGETED_DEVICE_FAMILY = "1,2";
				TEST_TARGET_NAME = AOWhatsapp;
			};
			name = Release;
		};
/* End XCBuildConfiguration section */

/* Begin XCConfigurationList section */
		8EB387F128A402D100B0D207 /* Build configuration list for PBXProject "AOWhatsapp" */ = {
			isa = XCConfigurationList;
			buildConfigurations = (
				8EB3881E28A402D400B0D207 /* Debug */,
				8EB3881F28A402D400B0D207 /* Release */,
			);
			defaultConfigurationIsVisible = 0;
			defaultConfigurationName = Release;
		};
		8EB3882028A402D400B0D207 /* Build configuration list for PBXNativeTarget "AOWhatsapp" */ = {
			isa = XCConfigurationList;
			buildConfigurations = (
				8EB3882128A402D400B0D207 /* Debug */,
				8EB3882228A402D400B0D207 /* Release */,
			);
			defaultConfigurationIsVisible = 0;
			defaultConfigurationName = Release;
		};
		8EB3882328A402D400B0D207 /* Build configuration list for PBXNativeTarget "AOWhatsappTests" */ = {
			isa = XCConfigurationList;
			buildConfigurations = (
				8EB3882428A402D400B0D207 /* Debug */,
				8EB3882528A402D400B0D207 /* Release */,
			);
			defaultConfigurationIsVisible = 0;
			defaultConfigurationName = Release;
		};
		8EB3882628A402D400B0D207 /* Build configuration list for PBXNativeTarget "AOWhatsappUITests" */ = {
			isa = XCConfigurationList;
			buildConfigurations = (
				8EB3882728A402D400B0D207 /* Debug */,
				8EB3882828A402D400B0D207 /* Release */,
			);
			defaultConfigurationIsVisible = 0;
			defaultConfigurationName = Release;
		};
/* End XCConfigurationList section */
	};
	rootObject = 8EB387EE28A402D100B0D207 /* Project object */;
}
